
Microsoft Visual Studio Solution File, Format Version 12.00
# Visual Studio Version 16
VisualStudioVersion = 16.0.31515.178
MinimumVisualStudioVersion = 10.0.40219.1
Project("{8BC9CEB8-8B4A-11D0-8D11-00A0C91BC942}") = "Ej 1", "ED I - TP 1\ED I - TP 1.vcxproj", "{3939ED68-D3CB-4670-8D0A-33E628114D04}"
EndProject
Project("{8BC9CEB8-8B4A-11D0-8D11-00A0C91BC942}") = "Ej 2", "Ej 2\Ej 2.vcxproj", "{CC79A4D0-1DE5-48C4-9A12-79B996FA33F2}"
EndProject
Project("{8BC9CEB8-8B4A-11D0-8D11-00A0C91BC942}") = "Ej 3", "Ej 3\Ej 3.vcxproj", "{05101D63-58B9-4968-9F9A-B8F7282B6F2F}"
EndProject
Project("{8BC9CEB8-8B4A-11D0-8D11-00A0C91BC942}") = "Ej 4", "Ej 4\Ej 4.vcxproj", "{E666298A-4834-4FE5-9178-179A797FAC9C}"
EndProject
Project("{8BC9CEB8-8B4A-11D0-8D11-00A0C91BC942}") = "Ej 5", "Ej 5\Ej 5.vcxproj", "{6F65E981-8A04-4E57-84F8-61850A5ED987}"
EndProject
Project("{8BC9CEB8-8B4A-11D0-8D11-00A0C91BC942}") = "Ej 6", "Ej 6\Ej 6.vcxproj", "{6E9251C9-DEDD-4129-AE71-00E1103D74FB}"
EndProject
Project("{8BC9CEB8-8B4A-11D0-8D11-00A0C91BC942}") = "Ej 7", "Ej 7\Ej 7.vcxproj", "{8F762ED0-C221-4AF1-8F07-6346267F4236}"
EndProject
Project("{8BC9CEB8-8B4A-11D0-8D11-00A0C91BC942}") = "Ej 8", "Ej 8\Ej 8.vcxproj", "{E8578F46-F663-4F02-A53F-E03672658AB2}"
EndProject
Project("{8BC9CEB8-8B4A-11D0-8D11-00A0C91BC942}") = "Ej 9", "Ej 9\Ej 9.vcxproj", "{C39477D9-F0DA-4304-ACC9-A3ED99F0324A}"
EndProject
Project("{8BC9CEB8-8B4A-11D0-8D11-00A0C91BC942}") = "Ej 10", "Ej 10\Ej 10.vcxproj", "{F9B7C5B9-BAF0-43AE-AAF5-F927A70D5FD6}"
EndProject
Project("{8BC9CEB8-8B4A-11D0-8D11-00A0C91BC942}") = "Ej 11", "Ej 11\Ej 11.vcxproj", "{0FF620E0-A860-4465-BA37-9894DDEAE042}"
EndProject
Project("{8BC9CEB8-8B4A-11D0-8D11-00A0C91BC942}") = "Ej 12", "Ej 12\Ej 12.vcxproj", "{E23AFD81-40EC-42FE-8A02-C52D7A6BA878}"
EndProject
Global
	GlobalSection(SolutionConfigurationPlatforms) = preSolution
		Debug|x64 = Debug|x64
		Debug|x86 = Debug|x86
		Release|x64 = Release|x64
		Release|x86 = Release|x86
	EndGlobalSection
	GlobalSection(ProjectConfigurationPlatforms) = postSolution
		{3939ED68-D3CB-4670-8D0A-33E628114D04}.Debug|x64.ActiveCfg = Debug|x64
		{3939ED68-D3CB-4670-8D0A-33E628114D04}.Debug|x64.Build.0 = Debug|x64
		{3939ED68-D3CB-4670-8D0A-33E628114D04}.Debug|x86.ActiveCfg = Debug|Win32
		{3939ED68-D3CB-4670-8D0A-33E628114D04}.Debug|x86.Build.0 = Debug|Win32
		{3939ED68-D3CB-4670-8D0A-33E628114D04}.Release|x64.ActiveCfg = Release|x64
		{3939ED68-D3CB-4670-8D0A-33E628114D04}.Release|x64.Build.0 = Release|x64
		{3939ED68-D3CB-4670-8D0A-33E628114D04}.Release|x86.ActiveCfg = Release|Win32
		{3939ED68-D3CB-4670-8D0A-33E628114D04}.Release|x86.Build.0 = Release|Win32
		{CC79A4D0-1DE5-48C4-9A12-79B996FA33F2}.Debug|x64.ActiveCfg = Debug|x64
		{CC79A4D0-1DE5-48C4-9A12-79B996FA33F2}.Debug|x64.Build.0 = Debug|x64
		{CC79A4D0-1DE5-48C4-9A12-79B996FA33F2}.Debug|x86.ActiveCfg = Debug|Win32
		{CC79A4D0-1DE5-48C4-9A12-79B996FA33F2}.Debug|x86.Build.0 = Debug|Win32
		{CC79A4D0-1DE5-48C4-9A12-79B996FA33F2}.Release|x64.ActiveCfg = Release|x64
		{CC79A4D0-1DE5-48C4-9A12-79B996FA33F2}.Release|x64.Build.0 = Release|x64
		{CC79A4D0-1DE5-48C4-9A12-79B996FA33F2}.Release|x86.ActiveCfg = Release|Win32
		{CC79A4D0-1DE5-48C4-9A12-79B996FA33F2}.Release|x86.Build.0 = Release|Win32
		{05101D63-58B9-4968-9F9A-B8F7282B6F2F}.Debug|x64.ActiveCfg = Debug|x64
		{05101D63-58B9-4968-9F9A-B8F7282B6F2F}.Debug|x64.Build.0 = Debug|x64
		{05101D63-58B9-4968-9F9A-B8F7282B6F2F}.Debug|x86.ActiveCfg = Debug|Win32
		{05101D63-58B9-4968-9F9A-B8F7282B6F2F}.Debug|x86.Build.0 = Debug|Win32
		{05101D63-58B9-4968-9F9A-B8F7282B6F2F}.Release|x64.ActiveCfg = Release|x64
		{05101D63-58B9-4968-9F9A-B8F7282B6F2F}.Release|x64.Build.0 = Release|x64
		{05101D63-58B9-4968-9F9A-B8F7282B6F2F}.Release|x86.ActiveCfg = Release|Win32
		{05101D63-58B9-4968-9F9A-B8F7282B6F2F}.Release|x86.Build.0 = Release|Win32
		{E666298A-4834-4FE5-9178-179A797FAC9C}.Debug|x64.ActiveCfg = Debug|x64
		{E666298A-4834-4FE5-9178-179A797FAC9C}.Debug|x64.Build.0 = Debug|x64
		{E666298A-4834-4FE5-9178-179A797FAC9C}.Debug|x86.ActiveCfg = Debug|Win32
		{E666298A-4834-4FE5-9178-179A797FAC9C}.Debug|x86.Build.0 = Debug|Win32
		{E666298A-4834-4FE5-9178-179A797FAC9C}.Release|x64.ActiveCfg = Release|x64
		{E666298A-4834-4FE5-9178-179A797FAC9C}.Release|x64.Build.0 = Release|x64
		{E666298A-4834-4FE5-9178-179A797FAC9C}.Release|x86.ActiveCfg = Release|Win32
		{E666298A-4834-4FE5-9178-179A797FAC9C}.Release|x86.Build.0 = Release|Win32
		{6F65E981-8A04-4E57-84F8-61850A5ED987}.Debug|x64.ActiveCfg = Debug|x64
		{6F65E981-8A04-4E57-84F8-61850A5ED987}.Debug|x64.Build.0 = Debug|x64
		{6F65E981-8A04-4E57-84F8-61850A5ED987}.Debug|x86.ActiveCfg = Debug|Win32
		{6F65E981-8A04-4E57-84F8-61850A5ED987}.Debug|x86.Build.0 = Debug|Win32
		{6F65E981-8A04-4E57-84F8-61850A5ED987}.Release|x64.ActiveCfg = Release|x64
		{6F65E981-8A04-4E57-84F8-61850A5ED987}.Release|x64.Build.0 = Release|x64
		{6F65E981-8A04-4E57-84F8-61850A5ED987}.Release|x86.ActiveCfg = Release|Win32
		{6F65E981-8A04-4E57-84F8-61850A5ED987}.Release|x86.Build.0 = Release|Win32
		{6E9251C9-DEDD-4129-AE71-00E1103D74FB}.Debug|x64.ActiveCfg = Debug|x64
		{6E9251C9-DEDD-4129-AE71-00E1103D74FB}.Debug|x64.Build.0 = Debug|x64
		{6E9251C9-DEDD-4129-AE71-00E1103D74FB}.Debug|x86.ActiveCfg = Debug|Win32
		{6E9251C9-DEDD-4129-AE71-00E1103D74FB}.Debug|x86.Build.0 = Debug|Win32
		{6E9251C9-DEDD-4129-AE71-00E1103D74FB}.Release|x64.ActiveCfg = Release|x64
		{6E9251C9-DEDD-4129-AE71-00E1103D74FB}.Release|x64.Build.0 = Release|x64
		{6E9251C9-DEDD-4129-AE71-00E1103D74FB}.Release|x86.ActiveCfg = Release|Win32
		{6E9251C9-DEDD-4129-AE71-00E1103D74FB}.Release|x86.Build.0 = Release|Win32
		{8F762ED0-C221-4AF1-8F07-6346267F4236}.Debug|x64.ActiveCfg = Debug|x64
		{8F762ED0-C221-4AF1-8F07-6346267F4236}.Debug|x64.Build.0 = Debug|x64
		{8F762ED0-C221-4AF1-8F07-6346267F4236}.Debug|x86.ActiveCfg = Debug|Win32
		{8F762ED0-C221-4AF1-8F07-6346267F4236}.Debug|x86.Build.0 = Debug|Win32
		{8F762ED0-C221-4AF1-8F07-6346267F4236}.Release|x64.ActiveCfg = Release|x64
		{8F762ED0-C221-4AF1-8F07-6346267F4236}.Release|x64.Build.0 = Release|x64
		{8F762ED0-C221-4AF1-8F07-6346267F4236}.Release|x86.ActiveCfg = Release|Win32
		{8F762ED0-C221-4AF1-8F07-6346267F4236}.Release|x86.Build.0 = Release|Win32
		{E8578F46-F663-4F02-A53F-E03672658AB2}.Debug|x64.ActiveCfg = Debug|x64
		{E8578F46-F663-4F02-A53F-E03672658AB2}.Debug|x64.Build.0 = Debug|x64
		{E8578F46-F663-4F02-A53F-E03672658AB2}.Debug|x86.ActiveCfg = Debug|Win32
		{E8578F46-F663-4F02-A53F-E03672658AB2}.Debug|x86.Build.0 = Debug|Win32
		{E8578F46-F663-4F02-A53F-E03672658AB2}.Release|x64.ActiveCfg = Release|x64
		{E8578F46-F663-4F02-A53F-E03672658AB2}.Release|x64.Build.0 = Release|x64
		{E8578F46-F663-4F02-A53F-E03672658AB2}.Release|x86.ActiveCfg = Release|Win32
		{E8578F46-F663-4F02-A53F-E03672658AB2}.Release|x86.Build.0 = Release|Win32
		{C39477D9-F0DA-4304-ACC9-A3ED99F0324A}.Debug|x64.ActiveCfg = Debug|x64
		{C39477D9-F0DA-4304-ACC9-A3ED99F0324A}.Debug|x64.Build.0 = Debug|x64
		{C39477D9-F0DA-4304-ACC9-A3ED99F0324A}.Debug|x86.ActiveCfg = Debug|Win32
		{C39477D9-F0DA-4304-ACC9-A3ED99F0324A}.Debug|x86.Build.0 = Debug|Win32
		{C39477D9-F0DA-4304-ACC9-A3ED99F0324A}.Release|x64.ActiveCfg = Release|x64
		{C39477D9-F0DA-4304-ACC9-A3ED99F0324A}.Release|x64.Build.0 = Release|x64
		{C39477D9-F0DA-4304-ACC9-A3ED99F0324A}.Release|x86.ActiveCfg = Release|Win32
		{C39477D9-F0DA-4304-ACC9-A3ED99F0324A}.Release|x86.Build.0 = Release|Win32
		{F9B7C5B9-BAF0-43AE-AAF5-F927A70D5FD6}.Debug|x64.ActiveCfg = Debug|x64
		{F9B7C5B9-BAF0-43AE-AAF5-F927A70D5FD6}.Debug|x64.Build.0 = Debug|x64
		{F9B7C5B9-BAF0-43AE-AAF5-F927A70D5FD6}.Debug|x86.ActiveCfg = Debug|Win32
		{F9B7C5B9-BAF0-43AE-AAF5-F927A70D5FD6}.Debug|x86.Build.0 = Debug|Win32
		{F9B7C5B9-BAF0-43AE-AAF5-F927A70D5FD6}.Release|x64.ActiveCfg = Release|x64
		{F9B7C5B9-BAF0-43AE-AAF5-F927A70D5FD6}.Release|x64.Build.0 = Release|x64
		{F9B7C5B9-BAF0-43AE-AAF5-F927A70D5FD6}.Release|x86.ActiveCfg = Release|Win32
		{F9B7C5B9-BAF0-43AE-AAF5-F927A70D5FD6}.Release|x86.Build.0 = Release|Win32
		{0FF620E0-A860-4465-BA37-9894DDEAE042}.Debug|x64.ActiveCfg = Debug|x64
		{0FF620E0-A860-4465-BA37-9894DDEAE042}.Debug|x64.Build.0 = Debug|x64
		{0FF620E0-A860-4465-BA37-9894DDEAE042}.Debug|x86.ActiveCfg = Debug|Win32
		{0FF620E0-A860-4465-BA37-9894DDEAE042}.Debug|x86.Build.0 = Debug|Win32
		{0FF620E0-A860-4465-BA37-9894DDEAE042}.Release|x64.ActiveCfg = Release|x64
		{0FF620E0-A860-4465-BA37-9894DDEAE042}.Release|x64.Build.0 = Release|x64
		{0FF620E0-A860-4465-BA37-9894DDEAE042}.Release|x86.ActiveCfg = Release|Win32
		{0FF620E0-A860-4465-BA37-9894DDEAE042}.Release|x86.Build.0 = Release|Win32
		{E23AFD81-40EC-42FE-8A02-C52D7A6BA878}.Debug|x64.ActiveCfg = Debug|x64
		{E23AFD81-40EC-42FE-8A02-C52D7A6BA878}.Debug|x64.Build.0 = Debug|x64
		{E23AFD81-40EC-42FE-8A02-C52D7A6BA878}.Debug|x86.ActiveCfg = Debug|Win32
		{E23AFD81-40EC-42FE-8A02-C52D7A6BA878}.Debug|x86.Build.0 = Debug|Win32
		{E23AFD81-40EC-42FE-8A02-C52D7A6BA878}.Release|x64.ActiveCfg = Release|x64
		{E23AFD81-40EC-42FE-8A02-C52D7A6BA878}.Release|x64.Build.0 = Release|x64
		{E23AFD81-40EC-42FE-8A02-C52D7A6BA878}.Release|x86.ActiveCfg = Release|Win32
		{E23AFD81-40EC-42FE-8A02-C52D7A6BA878}.Release|x86.Build.0 = Release|Win32
	EndGlobalSection
	GlobalSection(SolutionProperties) = preSolution
		HideSolutionNode = FALSE
	EndGlobalSection
	GlobalSection(ExtensibilityGlobals) = postSolution
		SolutionGuid = {F5AC31BB-BABC-4517-B18A-9DEEDB810345}
	EndGlobalSection
EndGlobal
